// !$*UTF8*$!
{
	archiveVersion = 1;
	classes = {
	};
	objectVersion = 50;
	objects = {

/* Begin PBXBuildFile section */
		A4A3068523202AC400744D5E /* EffectsCollectionViewCell.swift in Sources */ = {isa = PBXBuildFile; fileRef = A4A3068423202AC400744D5E /* EffectsCollectionViewCell.swift */; };
		A4FAA4A5231B131E0054B919 /* AppDelegate.swift in Sources */ = {isa = PBXBuildFile; fileRef = A4FAA4A4231B131E0054B919 /* AppDelegate.swift */; };
		A4FAA4A7231B131E0054B919 /* ViewController.swift in Sources */ = {isa = PBXBuildFile; fileRef = A4FAA4A6231B131E0054B919 /* ViewController.swift */; };
		A4FAA4AA231B131E0054B919 /* Main.storyboard in Resources */ = {isa = PBXBuildFile; fileRef = A4FAA4A8231B131E0054B919 /* Main.storyboard */; };
		A4FAA4AC231B13200054B919 /* Assets.xcassets in Resources */ = {isa = PBXBuildFile; fileRef = A4FAA4AB231B13200054B919 /* Assets.xcassets */; };
		A4FAA4AF231B13200054B919 /* LaunchScreen.storyboard in Resources */ = {isa = PBXBuildFile; fileRef = A4FAA4AD231B13200054B919 /* LaunchScreen.storyboard */; };
		A4FAA4B7231B28050054B919 /* EffectsViewController.swift in Sources */ = {isa = PBXBuildFile; fileRef = A4FAA4B6231B28050054B919 /* EffectsViewController.swift */; };
		A4FAA4B9231B28480054B919 /* FinalViewController.swift in Sources */ = {isa = PBXBuildFile; fileRef = A4FAA4B8231B28480054B919 /* FinalViewController.swift */; };
		A4FAA4BB231B42720054B919 /* FilterManager.swift in Sources */ = {isa = PBXBuildFile; fileRef = A4FAA4BA231B42720054B919 /* FilterManager.swift */; };
/* End PBXBuildFile section */

/* Begin PBXFileReference section */
		A4A3068423202AC400744D5E /* EffectsCollectionViewCell.swift */ = {isa = PBXFileReference; lastKnownFileType = sourcecode.swift; path = EffectsCollectionViewCell.swift; sourceTree = "<group>"; };
		A4FAA4A1231B131E0054B919 /* fotoid.app */ = {isa = PBXFileReference; explicitFileType = wrapper.application; includeInIndex = 0; path = fotoid.app; sourceTree = BUILT_PRODUCTS_DIR; };
		A4FAA4A4231B131E0054B919 /* AppDelegate.swift */ = {isa = PBXFileReference; lastKnownFileType = sourcecode.swift; path = AppDelegate.swift; sourceTree = "<group>"; };
		A4FAA4A6231B131E0054B919 /* ViewController.swift */ = {isa = PBXFileReference; lastKnownFileType = sourcecode.swift; path = ViewController.swift; sourceTree = "<group>"; };
		A4FAA4A9231B131E0054B919 /* Base */ = {isa = PBXFileReference; lastKnownFileType = file.storyboard; name = Base; path = Base.lproj/Main.storyboard; sourceTree = "<group>"; };
		A4FAA4AB231B13200054B919 /* Assets.xcassets */ = {isa = PBXFileReference; lastKnownFileType = folder.assetcatalog; path = Assets.xcassets; sourceTree = "<group>"; };
		A4FAA4AE231B13200054B919 /* Base */ = {isa = PBXFileReference; lastKnownFileType = file.storyboard; name = Base; path = Base.lproj/LaunchScreen.storyboard; sourceTree = "<group>"; };
		A4FAA4B0231B13200054B919 /* Info.plist */ = {isa = PBXFileReference; lastKnownFileType = text.plist.xml; path = Info.plist; sourceTree = "<group>"; };
		A4FAA4B6231B28050054B919 /* EffectsViewController.swift */ = {isa = PBXFileReference; lastKnownFileType = sourcecode.swift; path = EffectsViewController.swift; sourceTree = "<group>"; };
		A4FAA4B8231B28480054B919 /* FinalViewController.swift */ = {isa = PBXFileReference; lastKnownFileType = sourcecode.swift; path = FinalViewController.swift; sourceTree = "<group>"; };
		A4FAA4BA231B42720054B919 /* FilterManager.swift */ = {isa = PBXFileReference; lastKnownFileType = sourcecode.swift; path = FilterManager.swift; sourceTree = "<group>"; };
/* End PBXFileReference section */

/* Begin PBXFrameworksBuildPhase section */
		A4FAA49E231B131E0054B919 /* Frameworks */ = {
			isa = PBXFrameworksBuildPhase;
			buildActionMask = 2147483647;
			files = (
			);
			runOnlyForDeploymentPostprocessing = 0;
		};
/* End PBXFrameworksBuildPhase section */

/* Begin PBXGroup section */
		A4FAA498231B131E0054B919 = {
			isa = PBXGroup;
			children = (
				A4FAA4A3231B131E0054B919 /* fotoid */,
				A4FAA4A2231B131E0054B919 /* Products */,
			);
			sourceTree = "<group>";
		};
		A4FAA4A2231B131E0054B919 /* Products */ = {
			isa = PBXGroup;
			children = (
				A4FAA4A1231B131E0054B919 /* fotoid.app */,
			);
			name = Products;
			sourceTree = "<group>";
		};
		A4FAA4A3231B131E0054B919 /* fotoid */ = {
			isa = PBXGroup;
			children = (
				A4FAA4A4231B131E0054B919 /* AppDelegate.swift */,
				A4FAA4A6231B131E0054B919 /* ViewController.swift */,
				A4FAA4A8231B131E0054B919 /* Main.storyboard */,
				A4FAA4BA231B42720054B919 /* FilterManager.swift */,
				A4FAA4B6231B28050054B919 /* EffectsViewController.swift */,
				A4A3068423202AC400744D5E /* EffectsCollectionViewCell.swift */,
				A4FAA4B8231B28480054B919 /* FinalViewController.swift */,
				A4FAA4AB231B13200054B919 /* Assets.xcassets */,
				A4FAA4AD231B13200054B919 /* LaunchScreen.storyboard */,
				A4FAA4B0231B13200054B919 /* Info.plist */,
			);
			path = fotoid;
			sourceTree = "<group>";
		};
/* End PBXGroup section */

/* Begin PBXNativeTarget section */
		A4FAA4A0231B131E0054B919 /* fotoid */ = {
			isa = PBXNativeTarget;
			buildConfigurationList = A4FAA4B3231B13200054B919 /* Build configuration list for PBXNativeTarget "fotoid" */;
			buildPhases = (
				A4FAA49D231B131E0054B919 /* Sources */,
				A4FAA49E231B131E0054B919 /* Frameworks */,
				A4FAA49F231B131E0054B919 /* Resources */,
			);
			buildRules = (
			);
			dependencies = (
			);
			name = fotoid;
			productName = fotoid;
			productReference = A4FAA4A1231B131E0054B919 /* fotoid.app */;
			productType = "com.apple.product-type.application";
		};
/* End PBXNativeTarget section */

/* Begin PBXProject section */
		A4FAA499231B131E0054B919 /* Project object */ = {
			isa = PBXProject;
			attributes = {
				LastSwiftUpdateCheck = 1000;
				LastUpgradeCheck = 1000;
				ORGANIZATIONNAME = "Cassia Franco";
				TargetAttributes = {
					A4FAA4A0231B131E0054B919 = {
						CreatedOnToolsVersion = 10.0;
					};
				};
			};
			buildConfigurationList = A4FAA49C231B131E0054B919 /* Build configuration list for PBXProject "fotoid" */;
			compatibilityVersion = "Xcode 9.3";
			developmentRegion = en;
			hasScannedForEncodings = 0;
			knownRegions = (
				en,
				Base,
			);
			mainGroup = A4FAA498231B131E0054B919;
			productRefGroup = A4FAA4A2231B131E0054B919 /* Products */;
			projectDirPath = "";
			projectRoot = "";
			targets = (
				A4FAA4A0231B131E0054B919 /* fotoid */,
			);
		};
/* End PBXProject section */

/* Begin PBXResourcesBuildPhase section */
		A4FAA49F231B131E0054B919 /* Resources */ = {
			isa = PBXResourcesBuildPhase;
			buildActionMask = 2147483647;
			files = (
				A4FAA4AF231B13200054B919 /* LaunchScreen.storyboard in Resources */,
				A4FAA4AC231B13200054B919 /* Assets.xcassets in Resources */,
				A4FAA4AA231B131E0054B919 /* Main.storyboard in Resources */,
			);
			runOnlyForDeploymentPostprocessing = 0;
		};
/* End PBXResourcesBuildPhase section */

/* Begin PBXSourcesBuildPhase section */
		A4FAA49D231B131E0054B919 /* Sources */ = {
			isa = PBXSourcesBuildPhase;
			buildActionMask = 2147483647;
			files = (
				A4FAA4BB231B42720054B919 /* FilterManager.swift in Sources */,
				A4FAA4A7231B131E0054B919 /* ViewController.swift in Sources */,
				A4FAA4B9231B28480054B919 /* FinalViewController.swift in Sources */,
				A4A3068523202AC400744D5E /* EffectsCollectionViewCell.swift in Sources */,
				A4FAA4A5231B131E0054B919 /* AppDelegate.swift in Sources */,
				A4FAA4B7231B28050054B919 /* EffectsViewController.swift in Sources */,
			);
			runOnlyForDeploymentPostprocessing = 0;
		};
/* End PBXSourcesBuildPhase section */

/* Begin PBXVariantGroup section */
		A4FAA4A8231B131E0054B919 /* Main.storyboard */ = {
			isa = PBXVariantGroup;
			children = (
				A4FAA4A9231B131E0054B919 /* Base */,
			);
			name = Main.storyboard;
			sourceTree = "<group>";
		};
		A4FAA4AD231B13200054B919 /* LaunchScreen.storyboard */ = {
			isa = PBXVariantGroup;
			children = (
				A4FAA4AE231B13200054B919 /* Base */,
			);
			name = LaunchScreen.storyboard;
			sourceTree = "<group>";
		};
/* End PBXVariantGroup section */

/* Begin XCBuildConfiguration section */
		A4FAA4B1231B13200054B919 /* Debug */ = {
			isa = XCBuildConfiguration;
			buildSettings = {
				ALWAYS_SEARCH_USER_PATHS = NO;
				CLANG_ANALYZER_NONNULL = YES;
				CLANG_ANALYZER_NUMBER_OBJECT_CONVERSION = YES_AGGRESSIVE;
				CLANG_CXX_LANGUAGE_STANDARD = "gnu++14";
				CLANG_CXX_LIBRARY = "libc++";
				CLANG_ENABLE_MODULES = YES;
				CLANG_ENABLE_OBJC_ARC = YES;
				CLANG_ENABLE_OBJC_WEAK = YES;
				CLANG_WARN_BLOCK_CAPTURE_AUTORELEASING = YES;
				CLANG_WARN_BOOL_CONVERSION = YES;
				CLANG_WARN_COMMA = YES;
				CLANG_WARN_CONSTANT_CONVERSION = YES;
				CLANG_WARN_DEPRECATED_OBJC_IMPLEMENTATIONS = YES;
				CLANG_WARN_DIRECT_OBJC_ISA_USAGE = YES_ERROR;
				CLANG_WARN_DOCUMENTATION_COMMENTS = YES;
				CLANG_WARN_EMPTY_BODY = YES;
				CLANG_WARN_ENUM_CONVERSION = YES;
				CLANG_WARN_INFINITE_RECURSION = YES;
				CLANG_WARN_INT_CONVERSION = YES;
				CLANG_WARN_NON_LITERAL_NULL_CONVERSION = YES;
				CLANG_WARN_OBJC_IMPLICIT_RETAIN_SELF = YES;
				CLANG_WARN_OBJC_LITERAL_CONVERSION = YES;
				CLANG_WARN_OBJC_ROOT_CLASS = YES_ERROR;
				CLANG_WARN_RANGE_LOOP_ANALYSIS = YES;
				CLANG_WARN_STRICT_PROTOTYPES = YES;
				CLANG_WARN_SUSPICIOUS_MOVE = YES;
				CLANG_WARN_UNGUARDED_AVAILABILITY = YES_AGGRESSIVE;
				CLANG_WARN_UNREACHABLE_CODE = YES;
				CLANG_WARN__DUPLICATE_METHOD_MATCH = YES;
				CODE_SIGN_IDENTITY = "iPhone Developer";
				COPY_PHASE_STRIP = NO;
				DEBUG_INFORMATION_FORMAT = dwarf;
				ENABLE_STRICT_OBJC_MSGSEND = YES;
				ENABLE_TESTABILITY = YES;
				GCC_C_LANGUAGE_STANDARD = gnu11;
				GCC_DYNAMIC_NO_PIC = NO;
				GCC_NO_COMMON_BLOCKS = YES;
				GCC_OPTIMIZATION_LEVEL = 0;
				GCC_PREPROCESSOR_DEFINITIONS = (
					"DEBUG=1",
					"$(inherited)",
				);
				GCC_WARN_64_TO_32_BIT_CONVERSION = YES;
				GCC_WARN_ABOUT_RETURN_TYPE = YES_ERROR;
				GCC_WARN_UNDECLARED_SELECTOR = YES;
				GCC_WARN_UNINITIALIZED_AUTOS = YES_AGGRESSIVE;
				GCC_WARN_UNUSED_FUNCTION = YES;
				GCC_WARN_UNUSED_VARIABLE = YES;
				IPHONEOS_DEPLOYMENT_TARGET = 12.0;
				MTL_ENABLE_DEBUG_INFO = INCLUDE_SOURCE;
				MTL_FAST_MATH = YES;
				ONLY_ACTIVE_ARCH = YES;
				SDKROOT = iphoneos;
				SWIFT_ACTIVE_COMPILATION_CONDITIONS = DEBUG;
				SWIFT_OPTIMIZATION_LEVEL = "-Onone";
			};
			name = Debug;
		};
		A4FAA4B2231B13200054B919 /* Release */ = {
			isa = XCBuildConfiguration;
			buildSettings = {
				ALWAYS_SEARCH_USER_PATHS = NO;
				CLANG_ANALYZER_NONNULL = YES;
				CLANG_ANALYZER_NUMBER_OBJECT_CONVERSION = YES_AGGRESSIVE;
				CLANG_CXX_LANGUAGE_STANDARD = "gnu++14";
				CLANG_CXX_LIBRARY = "libc++";
				CLANG_ENABLE_MODULES = YES;
				CLANG_ENABLE_OBJC_ARC = YES;
				CLANG_ENABLE_OBJC_WEAK = YES;
				CLANG_WARN_BLOCK_CAPTURE_AUTORELEASING = YES;
				CLANG_WARN_BOOL_CONVERSION = YES;
				CLANG_WARN_COMMA = YES;
				CLANG_WARN_CONSTANT_CONVERSION = YES;
				CLANG_WARN_DEPRECATED_OBJC_IMPLEMENTATIONS = YES;
				CLANG_WARN_DIRECT_OBJC_ISA_USAGE = YES_ERROR;
				CLANG_WARN_DOCUMENTATION_COMMENTS = YES;
				CLANG_WARN_EMPTY_BODY = YES;
				CLANG_WARN_ENUM_CONVERSION = YES;
				CLANG_WARN_INFINITE_RECURSION = YES;
				CLANG_WARN_INT_CONVERSION = YES;
				CLANG_WARN_NON_LITERAL_NULL_CONVERSION = YES;
				CLANG_WARN_OBJC_IMPLICIT_RETAIN_SELF = YES;
				CLANG_WARN_OBJC_LITERAL_CONVERSION = YES;
				CLANG_WARN_OBJC_ROOT_CLASS = YES_ERROR;
				CLANG_WARN_RANGE_LOOP_ANALYSIS = YES;
				CLANG_WARN_STRICT_PROTOTYPES = YES;
				CLANG_WARN_SUSPICIOUS_MOVE = YES;
				CLANG_WARN_UNGUARDED_AVAILABILITY = YES_AGGRESSIVE;
				CLANG_WARN_UNREACHABLE_CODE = YES;
				CLANG_WARN__DUPLICATE_METHOD_MATCH = YES;
				CODE_SIGN_IDENTITY = "iPhone Developer";
				COPY_PHASE_STRIP = NO;
				DEBUG_INFORMATION_FORMAT = "dwarf-with-dsym";
				ENABLE_NS_ASSERTIONS = NO;
				ENABLE_STRICT_OBJC_MSGSEND = YES;
				GCC_C_LANGUAGE_STANDARD = gnu11;
				GCC_NO_COMMON_BLOCKS = YES;
				GCC_WARN_64_TO_32_BIT_CONVERSION = YES;
				GCC_WARN_ABOUT_RETURN_TYPE = YES_ERROR;
				GCC_WARN_UNDECLARED_SELECTOR = YES;
				GCC_WARN_UNINITIALIZED_AUTOS = YES_AGGRESSIVE;
				GCC_WARN_UNUSED_FUNCTION = YES;
				GCC_WARN_UNUSED_VARIABLE = YES;
				IPHONEOS_DEPLOYMENT_TARGET = 12.0;
				MTL_ENABLE_DEBUG_INFO = NO;
				MTL_FAST_MATH = YES;
				SDKROOT = iphoneos;
				SWIFT_COMPILATION_MODE = wholemodule;
				SWIFT_OPTIMIZATION_LEVEL = "-O";
				VALIDATE_PRODUCT = YES;
			};
			name = Release;
		};
		A4FAA4B4231B13200054B919 /* Debug */ = {
			isa = XCBuildConfiguration;
			buildSettings = {
				ASSETCATALOG_COMPILER_APPICON_NAME = AppIcon;
				CODE_SIGN_STYLE = Automatic;
				DEVELOPMENT_TEAM = LBV6MD44UA;
				INFOPLIST_FILE = fotoid/Info.plist;
				LD_RUNPATH_SEARCH_PATHS = (
					"$(inherited)",
					"@executable_path/Frameworks",
				);
				PRODUCT_BUNDLE_IDENTIFIER = com.project.iOS.fotoid;
				PRODUCT_NAME = "$(TARGET_NAME)";
				SWIFT_VERSION = 4.2;
				TARGETED_DEVICE_FAMILY = 1;
			};
			name = Debug;
		};
		A4FAA4B5231B13200054B919 /* Release */ = {
			isa = XCBuildConfiguration;
			buildSettings = {
				ASSETCATALOG_COMPILER_APPICON_NAME = AppIcon;
				CODE_SIGN_STYLE = Automatic;
				DEVELOPMENT_TEAM = LBV6MD44UA;
				INFOPLIST_FILE = fotoid/Info.plist;
				LD_RUNPATH_SEARCH_PATHS = (
					"$(inherited)",
					"@executable_path/Frameworks",
				);
				PRODUCT_BUNDLE_IDENTIFIER = com.project.iOS.fotoid;
				PRODUCT_NAME = "$(TARGET_NAME)";
				SWIFT_VERSION = 4.2;
				TARGETED_DEVICE_FAMILY = 1;
			};
			name = Release;
		};
/* End XCBuildConfiguration section */

/* Begin XCConfigurationList section */
		A4FAA49C231B131E0054B919 /* Build configuration list for PBXProject "fotoid" */ = {
			isa = XCConfigurationList;
			buildConfigurations = (
				A4FAA4B1231B13200054B919 /* Debug */,
				A4FAA4B2231B13200054B919 /* Release */,
			);
			defaultConfigurationIsVisible = 0;
			defaultConfigurationName = Release;
		};
		A4FAA4B3231B13200054B919 /* Build configuration list for PBXNativeTarget "fotoid" */ = {
			isa = XCConfigurationList;
			buildConfigurations = (
				A4FAA4B4231B13200054B919 /* Debug */,
				A4FAA4B5231B13200054B919 /* Release */,
			);
			defaultConfigurationIsVisible = 0;
			defaultConfigurationName = Release;
		};
/* End XCConfigurationList section */
	};
	rootObject = A4FAA499231B131E0054B919 /* Project object */;
}
